
Microsoft Visual Studio Solution File, Format Version 12.00
# Visual Studio Version 16
VisualStudioVersion = 16.0.29905.134
MinimumVisualStudioVersion = 10.0.40219.1
Project("{FAE04EC0-301F-11D3-BF4B-00C04F79EFBC}") = "PadroesDeProjetosComportamento", "PadroesDeProjetosComportamento\PadroesDeProjetosComportamento.csproj", "{F947645D-0ED6-4538-A82F-58A1F70A14B8}"
EndProject
Global
	GlobalSection(SolutionConfigurationPlatforms) = preSolution
		Debug|Any CPU = Debug|Any CPU
		Release|Any CPU = Release|Any CPU
	EndGlobalSection
	GlobalSection(ProjectConfigurationPlatforms) = postSolution
		{F947645D-0ED6-4538-A82F-58A1F70A14B8}.Debug|Any CPU.ActiveCfg = Debug|Any CPU
		{F947645D-0ED6-4538-A82F-58A1F70A14B8}.Debug|Any CPU.Build.0 = Debug|Any CPU
		{F947645D-0ED6-4538-A82F-58A1F70A14B8}.Release|Any CPU.ActiveCfg = Release|Any CPU
		{F947645D-0ED6-4538-A82F-58A1F70A14B8}.Release|Any CPU.Build.0 = Release|Any CPU
	EndGlobalSection
	GlobalSection(SolutionProperties) = preSolution
		HideSolutionNode = FALSE
	EndGlobalSection
	GlobalSection(ExtensibilityGlobals) = postSolution
		SolutionGuid = {3138BE32-3371-43FF-90C3-DA579AEC0059}
	EndGlobalSection
EndGlobal
